<?xml version="1.0" encoding="utf-8"?>
<Project ToolsVersion="4.0" xmlns="http://schemas.microsoft.com/developer/msbuild/2003">
  <ItemGroup>
    <Filter Include="Resource Files">
      <UniqueIdentifier>{D9D6E242-F8AF-46E4-B9FD-80ECBC20BA3E}</UniqueIdentifier>
      <Extensions>qrc;*</Extensions>
      <ParseFiles>false</ParseFiles>
    </Filter>
    <Filter Include="Application">
      <UniqueIdentifier>{35bae624-3ca4-4981-aacc-b588d88758c0}</UniqueIdentifier>
    </Filter>
    <Filter Include="Application\KeyExpr">
      <UniqueIdentifier>{e0701715-092e-41be-9664-769c3f6742c8}</UniqueIdentifier>
    </Filter>
    <Filter Include="Application\Document">
      <UniqueIdentifier>{dec94a31-99fc-48fc-91e0-5a79f19fb716}</UniqueIdentifier>
    </Filter>
    <Filter Include="Application\DB">
      <UniqueIdentifier>{cc99b60e-e241-4983-b189-e282ea6b8675}</UniqueIdentifier>
    </Filter>
    <Filter Include="Common">
      <UniqueIdentifier>{67f51d62-a602-4967-87d2-01be855accf6}</UniqueIdentifier>
    </Filter>
    <Filter Include="Widget">
      <UniqueIdentifier>{d968aba4-bbcb-45c2-b02e-9ed80d601bfd}</UniqueIdentifier>
    </Filter>
    <Filter Include="Widget\Style">
      <UniqueIdentifier>{8bff72af-32aa-400a-8b34-e6f6a228b451}</UniqueIdentifier>
    </Filter>
    <Filter Include="Widget\Widgets">
      <UniqueIdentifier>{5e2f0503-cf9f-4eba-b964-ea939fef9fe7}</UniqueIdentifier>
    </Filter>
    <Filter Include="Application\Action">
      <UniqueIdentifier>{29c1ff07-2c30-49c1-b451-e3ac91d868de}</UniqueIdentifier>
    </Filter>
    <Filter Include="Common\Service">
      <UniqueIdentifier>{11c55700-bc8b-453e-8ac4-40edbcb54ecf}</UniqueIdentifier>
    </Filter>
    <Filter Include="FUI">
      <UniqueIdentifier>{5e8ffff1-444b-41be-a26e-be3eea9c9b19}</UniqueIdentifier>
    </Filter>
    <Filter Include="FUI\Element">
      <UniqueIdentifier>{1e85ff78-dad1-4fee-b8f8-32dbdef90d01}</UniqueIdentifier>
    </Filter>
    <Filter Include="Data">
      <UniqueIdentifier>{8f4bbc37-408b-4be9-b081-7acb2e0ee592}</UniqueIdentifier>
    </Filter>
    <Filter Include="WinUI">
      <UniqueIdentifier>{909e475f-e32b-4d9e-ae63-bf655731cfae}</UniqueIdentifier>
    </Filter>
    <Filter Include="WinUI\Controls">
      <UniqueIdentifier>{77c7bae3-9cd6-4388-b00a-427e92d5b3b2}</UniqueIdentifier>
    </Filter>
    <Filter Include="WinUI\Private">
      <UniqueIdentifier>{377254ad-3e30-412c-8887-67ed26ed91b0}</UniqueIdentifier>
    </Filter>
    <Filter Include="WinUI\Private\qwindowsstyle">
      <UniqueIdentifier>{1acbde6d-c26e-4b44-904c-e0a4b93bddba}</UniqueIdentifier>
    </Filter>
    <Filter Include="Defines">
      <UniqueIdentifier>{a369c330-de66-4c06-b9b4-312fac600fc2}</UniqueIdentifier>
    </Filter>
    <Filter Include="Common\Toolkit">
      <UniqueIdentifier>{6ee7f403-d3d7-4e0f-9639-a59d50bdd7f2}</UniqueIdentifier>
    </Filter>
    <Filter Include="Common\Interface">
      <UniqueIdentifier>{639b51c3-2e9e-4c54-b064-0d96e235d57d}</UniqueIdentifier>
    </Filter>
    <Filter Include="Common\Validator">
      <UniqueIdentifier>{ac4c3272-4c82-4fb4-8a23-c088d04b9122}</UniqueIdentifier>
    </Filter>
    <Filter Include="Common\UI">
      <UniqueIdentifier>{b2df0160-50cb-4a7d-8ff1-fc8db66c1532}</UniqueIdentifier>
    </Filter>
    <Filter Include="Common\Utils">
      <UniqueIdentifier>{5dbda83b-f6bb-4376-adc1-666bb55f4dc1}</UniqueIdentifier>
    </Filter>
    <Filter Include="WinUI\Style">
      <UniqueIdentifier>{ad98d920-c39b-47b3-9969-f6ca8407e2d2}</UniqueIdentifier>
    </Filter>
  </ItemGroup>
  <ItemGroup>
    <ClInclude Include="IMainWindow.h">
      <Filter>Application</Filter>
    </ClInclude>
    <ClInclude Include="ACursorManager.h">
      <Filter>Application</Filter>
    </ClInclude>
    <ClInclude Include="AKeyExpressionManager.h">
      <Filter>Application\KeyExpr</Filter>
    </ClInclude>
    <ClInclude Include="AKeyExpressionService.h">
      <Filter>Application\KeyExpr</Filter>
    </ClInclude>
    <ClInclude Include="AAndKeyExpression.h">
      <Filter>Application\KeyExpr</Filter>
    </ClInclude>
    <ClInclude Include="AOrKeyExpression.h">
      <Filter>Application\KeyExpr</Filter>
    </ClInclude>
    <ClInclude Include="AAbstractKeyExpression.h">
      <Filter>Application\KeyExpr</Filter>
    </ClInclude>
    <ClInclude Include="ACommandManager.h">
      <Filter>Application</Filter>
    </ClInclude>
    <ClInclude Include="ACommand.h">
      <Filter>Application</Filter>
    </ClInclude>
    <ClInclude Include="AAppConfigService.h">
      <Filter>Application</Filter>
    </ClInclude>
    <ClInclude Include="ASqlDataBase.h">
      <Filter>Application\DB</Filter>
    </ClInclude>
    <ClInclude Include="APrivateAppConfigService.h">
      <Filter>Application</Filter>
    </ClInclude>
    <ClInclude Include="AprochGlobal.h">
      <Filter>Defines</Filter>
    </ClInclude>
    <ClInclude Include="AprochAPI.h">
      <Filter>Defines</Filter>
    </ClInclude>
    <ClInclude Include="Widget\ABorderlessWidget.h">
      <Filter>Widget\Widgets</Filter>
    </ClInclude>
    <ClInclude Include="Widget\AFlowLayout.h">
      <Filter>Widget\Widgets</Filter>
    </ClInclude>
    <ClInclude Include="Widget\Style\AStyleDefines.h">
      <Filter>Widget\Style</Filter>
    </ClInclude>
    <ClInclude Include="Widget\Style\AWindowsStyleManager.h">
      <Filter>Widget\Style</Filter>
    </ClInclude>
    <ClInclude Include="APluginManager.h">
      <Filter>Application</Filter>
    </ClInclude>
    <ClInclude Include="Common\IAppConfigService.h">
      <Filter>Common\Service</Filter>
    </ClInclude>
    <ClInclude Include="Common\IDataBaseService.h">
      <Filter>Common\Service</Filter>
    </ClInclude>
    <ClInclude Include="Common\IDocumentService.h">
      <Filter>Common\Service</Filter>
    </ClInclude>
    <ClInclude Include="Common\IKeyExpressionService.h">
      <Filter>Common\Service</Filter>
    </ClInclude>
    <ClInclude Include="Common\IService.h">
      <Filter>Common\Service</Filter>
    </ClInclude>
    <ClInclude Include="AprochExportDefine.h">
      <Filter>Defines</Filter>
    </ClInclude>
    <ClInclude Include="stdafx.h">
      <Filter>Defines</Filter>
    </ClInclude>
    <ClInclude Include="FUIElement.h">
      <Filter>FUI\Element</Filter>
    </ClInclude>
    <ClInclude Include="Data\AData.h">
      <Filter>Data</Filter>
    </ClInclude>
    <ClInclude Include="WinUI\Private\qwindowsstyle\qwindowsxpstyle_p_p.h">
      <Filter>WinUI\Private\qwindowsstyle</Filter>
    </ClInclude>
    <ClInclude Include="Common\AStringToolkit.h">
      <Filter>Common\Toolkit</Filter>
    </ClInclude>
    <ClInclude Include="Common\AMathToolkit.h">
      <Filter>Common\Toolkit</Filter>
    </ClInclude>
    <ClInclude Include="Common\AFileToolkit.h">
      <Filter>Common\Toolkit</Filter>
    </ClInclude>
    <ClInclude Include="Common\ADataConverter.h">
      <Filter>Common\Toolkit</Filter>
    </ClInclude>
    <ClInclude Include="Common\IStringSerializable.h">
      <Filter>Common\Interface</Filter>
    </ClInclude>
    <ClInclude Include="Common\IDataConverter.h">
      <Filter>Common\Interface</Filter>
    </ClInclude>
    <ClInclude Include="Common\IDataReader.h">
      <Filter>Common\Interface</Filter>
    </ClInclude>
    <ClInclude Include="Common\IDataSerializable.h">
      <Filter>Common\Interface</Filter>
    </ClInclude>
    <ClInclude Include="Common\IDataWriter.h">
      <Filter>Common\Interface</Filter>
    </ClInclude>
    <ClInclude Include="Common\IFileSaveLoader.h">
      <Filter>Common\Interface</Filter>
    </ClInclude>
    <ClInclude Include="Common\IJsonSerializable.h">
      <Filter>Common\Interface</Filter>
    </ClInclude>
    <ClInclude Include="Common\IMainWindow.h">
      <Filter>Common\Interface</Filter>
    </ClInclude>
    <ClInclude Include="Common\IPlugin.h">
      <Filter>Common\Interface</Filter>
    </ClInclude>
    <ClInclude Include="Common\ANumberValidator.h">
      <Filter>Common\Validator</Filter>
    </ClInclude>
    <ClInclude Include="Common\AIconFont.h">
      <Filter>Common\UI</Filter>
    </ClInclude>
    <ClInclude Include="Common\ASingleton.h">
      <Filter>Common\Utils</Filter>
    </ClInclude>
    <ClInclude Include="Common\APrototype.h">
      <Filter>Common\Utils</Filter>
    </ClInclude>
    <ClInclude Include="Common\AIdentity.h">
      <Filter>Common\Utils</Filter>
    </ClInclude>
    <ClInclude Include="Common\AException.h">
      <Filter>Common\Utils</Filter>
    </ClInclude>
    <ClInclude Include="Common\ACategory.h">
      <Filter>Common\Utils</Filter>
    </ClInclude>
    <ClInclude Include="Common\AGraphicsToolkit.h">
      <Filter>Common\Toolkit</Filter>
    </ClInclude>
    <ClInclude Include="Widget\Style\AUIStyleObject.h">
      <Filter>Widget\Style</Filter>
    </ClInclude>
    <ClInclude Include="WinUI\Style\AWinUIStyleObjects.h">
      <Filter>WinUI\Style</Filter>
    </ClInclude>
    <ClInclude Include="Common\ITextTranslatable.h">
      <Filter>Common\Interface</Filter>
    </ClInclude>
    <ClInclude Include="Data\ADataToolkit.h">
      <Filter>Data</Filter>
    </ClInclude>
  </ItemGroup>
  <ItemGroup>
    <ClCompile Include="ACommand.cpp">
      <Filter>Application</Filter>
    </ClCompile>
    <ClCompile Include="ACommandManager.cpp">
      <Filter>Application</Filter>
    </ClCompile>
    <ClCompile Include="ACursorManager.cpp">
      <Filter>Application</Filter>
    </ClCompile>
    <ClCompile Include="AAbstractKeyExpression.cpp">
      <Filter>Application\KeyExpr</Filter>
    </ClCompile>
    <ClCompile Include="AKeyExpressionManager.cpp">
      <Filter>Application\KeyExpr</Filter>
    </ClCompile>
    <ClCompile Include="AAndKeyExpression.cpp">
      <Filter>Application\KeyExpr</Filter>
    </ClCompile>
    <ClCompile Include="AKeyExpressionService.cpp">
      <Filter>Application\KeyExpr</Filter>
    </ClCompile>
    <ClCompile Include="AApplicationContext.cpp">
      <Filter>Application</Filter>
    </ClCompile>
    <ClCompile Include="AOrKeyExpression.cpp">
      <Filter>Application\KeyExpr</Filter>
    </ClCompile>
    <ClCompile Include="AAppConfigService.cpp">
      <Filter>Application</Filter>
    </ClCompile>
    <ClCompile Include="ADocumentService.cpp">
      <Filter>Application\Document</Filter>
    </ClCompile>
    <ClCompile Include="ADocFile.cpp">
      <Filter>Application\Document</Filter>
    </ClCompile>
    <ClCompile Include="ASqlDataBase.cpp">
      <Filter>Application\DB</Filter>
    </ClCompile>
    <ClCompile Include="APrivateAppConfigService.cpp">
      <Filter>Application</Filter>
    </ClCompile>
    <ClCompile Include="AprochGlobal.cpp">
      <Filter>Defines</Filter>
    </ClCompile>
    <ClCompile Include="Widget\AAbstractColorPicker.cpp">
      <Filter>Widget\Widgets</Filter>
    </ClCompile>
    <ClCompile Include="Widget\AAvatar.cpp">
      <Filter>Widget\Widgets</Filter>
    </ClCompile>
    <ClCompile Include="Widget\ABorderlessWidget.cpp">
      <Filter>Widget\Widgets</Filter>
    </ClCompile>
    <ClCompile Include="Widget\ACaptionBar.cpp">
      <Filter>Widget\Widgets</Filter>
    </ClCompile>
    <ClCompile Include="Widget\AColorPickerIndicator.cpp">
      <Filter>Widget\Widgets</Filter>
    </ClCompile>
    <ClCompile Include="Widget\AColorSliderControl.cpp">
      <Filter>Widget\Widgets</Filter>
    </ClCompile>
    <ClCompile Include="Widget\AFlowLayout.cpp">
      <Filter>Widget\Widgets</Filter>
    </ClCompile>
    <ClCompile Include="Widget\ANavigationBar.cpp">
      <Filter>Widget\Widgets</Filter>
    </ClCompile>
    <ClCompile Include="Widget\APromptWidget.cpp">
      <Filter>Widget\Widgets</Filter>
    </ClCompile>
    <ClCompile Include="Widget\AToolBar.cpp">
      <Filter>Widget\Widgets</Filter>
    </ClCompile>
    <ClCompile Include="Widget\AVerticalLabel.cpp">
      <Filter>Widget\Widgets</Filter>
    </ClCompile>
    <ClCompile Include="Widget\AWheelColorPicker.cpp">
      <Filter>Widget\Widgets</Filter>
    </ClCompile>
    <ClCompile Include="Widget\AWheelColorPickerWidget.cpp">
      <Filter>Widget\Widgets</Filter>
    </ClCompile>
    <ClCompile Include="Widget\AWindow.cpp">
      <Filter>Widget\Widgets</Filter>
    </ClCompile>
    <ClCompile Include="Widget\Style\AStyleDefines.cpp">
      <Filter>Widget\Style</Filter>
    </ClCompile>
    <ClCompile Include="Widget\Style\AWindowsStyleManager.cpp">
      <Filter>Widget\Style</Filter>
    </ClCompile>
    <ClCompile Include="AAction.cpp">
      <Filter>Application\Action</Filter>
    </ClCompile>
    <ClCompile Include="AActionManager.cpp">
      <Filter>Application\Action</Filter>
    </ClCompile>
    <ClCompile Include="APluginManager.cpp">
      <Filter>Application</Filter>
    </ClCompile>
    <ClCompile Include="stdafx.cpp">
      <Filter>Defines</Filter>
    </ClCompile>
    <ClCompile Include="FUI\Element\FUIElement.cpp">
      <Filter>FUI\Element</Filter>
    </ClCompile>
    <ClCompile Include="Data\AAbstractDataManager.cpp">
      <Filter>Data</Filter>
    </ClCompile>
    <ClCompile Include="Data\AData.cpp">
      <Filter>Data</Filter>
    </ClCompile>
    <ClCompile Include="WinUI\Controls\ATextBlock.cpp">
      <Filter>WinUI\Controls</Filter>
    </ClCompile>
    <ClCompile Include="WinUI\Controls\ATextBox.cpp">
      <Filter>WinUI\Controls</Filter>
    </ClCompile>
    <ClCompile Include="WinUI\AWinUIStyleEngine.cpp">
      <Filter>WinUI</Filter>
    </ClCompile>
    <ClCompile Include="WinUI\Private\AWinUIStyle.cpp">
      <Filter>WinUI\Private</Filter>
    </ClCompile>
    <ClCompile Include="WinUI\Private\qwindowsstyle\qwindowsvistastyle.cpp">
      <Filter>WinUI\Private\qwindowsstyle</Filter>
    </ClCompile>
    <ClCompile Include="WinUI\Private\qwindowsstyle\qwindowsxpstyle.cpp">
      <Filter>WinUI\Private\qwindowsstyle</Filter>
    </ClCompile>
    <ClCompile Include="Common\AStringToolkit.cpp">
      <Filter>Common\Toolkit</Filter>
    </ClCompile>
    <ClCompile Include="Common\AMathToolkit.cpp">
      <Filter>Common\Toolkit</Filter>
    </ClCompile>
    <ClCompile Include="Common\AFileToolkit.cpp">
      <Filter>Common\Toolkit</Filter>
    </ClCompile>
    <ClCompile Include="Common\ADataConverter.cpp">
      <Filter>Common\Toolkit</Filter>
    </ClCompile>
    <ClCompile Include="Common\ADoubleValidator.cpp">
      <Filter>Common\Validator</Filter>
    </ClCompile>
    <ClCompile Include="Common\AIconFont.cpp">
      <Filter>Common\UI</Filter>
    </ClCompile>
    <ClCompile Include="Common\AIdentity.cpp">
      <Filter>Common\Utils</Filter>
    </ClCompile>
    <ClCompile Include="Common\AException.cpp">
      <Filter>Common\Utils</Filter>
    </ClCompile>
    <ClCompile Include="Common\ACategory.cpp">
      <Filter>Common\Utils</Filter>
    </ClCompile>
    <ClCompile Include="Common\AGraphicsToolkit.cpp">
      <Filter>Common\Toolkit</Filter>
    </ClCompile>
    <ClCompile Include="WinUI\Style\AWinUIStyleObjects.cpp">
      <Filter>WinUI\Style</Filter>
    </ClCompile>
    <ClCompile Include="Widget\Style\AUIStyleObject.cpp">
      <Filter>Widget\Style</Filter>
    </ClCompile>
    <ClCompile Include="Data\ADataContainer.cpp">
      <Filter>Data</Filter>
    </ClCompile>
    <ClCompile Include="Data\ADataManager.cpp">
      <Filter>Data</Filter>
    </ClCompile>
    <ClCompile Include="Data\ADataToolkit.cpp">
      <Filter>Data</Filter>
    </ClCompile>
    <ClCompile Include="Data\AAbstractEditorFactory.cpp">
      <Filter>Data</Filter>
    </ClCompile>
    <ClCompile Include="Data\AEditorFactory.cpp">
      <Filter>Data</Filter>
    </ClCompile>
  </ItemGroup>
  <ItemGroup>
    <QtMoc Include="ADocFile.h">
      <Filter>Application\Document</Filter>
    </QtMoc>
    <QtMoc Include="ADocumentService.h">
      <Filter>Application\Document</Filter>
    </QtMoc>
    <QtMoc Include="AApplicationContext.h">
      <Filter>Application</Filter>
    </QtMoc>
    <QtMoc Include="Widget\AAbstractColorPicker.h">
      <Filter>Widget\Widgets</Filter>
    </QtMoc>
    <QtMoc Include="Widget\AAvatar.h">
      <Filter>Widget\Widgets</Filter>
    </QtMoc>
    <QtMoc Include="Widget\ACaptionBar.h">
      <Filter>Widget\Widgets</Filter>
    </QtMoc>
    <QtMoc Include="Widget\AColorPickerIndicator.h">
      <Filter>Widget\Widgets</Filter>
    </QtMoc>
    <QtMoc Include="Widget\AColorSliderControl.h">
      <Filter>Widget\Widgets</Filter>
    </QtMoc>
    <QtMoc Include="Widget\ANavigationBar.h">
      <Filter>Widget\Widgets</Filter>
    </QtMoc>
    <QtMoc Include="Widget\APromptWidget.h">
      <Filter>Widget\Widgets</Filter>
    </QtMoc>
    <QtMoc Include="Widget\AToolBar.h">
      <Filter>Widget\Widgets</Filter>
    </QtMoc>
    <QtMoc Include="Widget\AVerticalLabel.h">
      <Filter>Widget\Widgets</Filter>
    </QtMoc>
    <QtMoc Include="Widget\AWheelColorPicker.h">
      <Filter>Widget\Widgets</Filter>
    </QtMoc>
    <QtMoc Include="Widget\AWheelColorPickerWidget.h">
      <Filter>Widget\Widgets</Filter>
    </QtMoc>
    <QtMoc Include="Widget\AWindow.h">
      <Filter>Widget\Widgets</Filter>
    </QtMoc>
    <QtMoc Include="AAction.h">
      <Filter>Application\Action</Filter>
    </QtMoc>
    <QtMoc Include="AActionManager.h">
      <Filter>Application\Action</Filter>
    </QtMoc>
    <QtMoc Include="Data\AAbstractDataManager.h">
      <Filter>Data</Filter>
    </QtMoc>
    <QtMoc Include="WinUI\Controls\ATextBlock.h">
      <Filter>WinUI\Controls</Filter>
    </QtMoc>
    <QtMoc Include="WinUI\Controls\ATextBox.h">
      <Filter>WinUI\Controls</Filter>
    </QtMoc>
    <QtMoc Include="WinUI\AWinUIStyleEngine.h">
      <Filter>WinUI</Filter>
    </QtMoc>
    <QtMoc Include="WinUI\Private\AWinUIStyle.h">
      <Filter>WinUI\Private</Filter>
    </QtMoc>
    <QtMoc Include="WinUI\Private\qwindowsstyle\qwindowsvistastyle_p.h">
      <Filter>WinUI\Private\qwindowsstyle</Filter>
    </QtMoc>
    <QtMoc Include="WinUI\Private\qwindowsstyle\qwindowsvistastyle_p_p.h">
      <Filter>WinUI\Private\qwindowsstyle</Filter>
    </QtMoc>
    <QtMoc Include="WinUI\Private\qwindowsstyle\qwindowsxpstyle_p.h">
      <Filter>WinUI\Private\qwindowsstyle</Filter>
    </QtMoc>
    <QtMoc Include="Common\ADoubleValidator.h">
      <Filter>Common\Validator</Filter>
    </QtMoc>
    <QtMoc Include="Data\ADataContainer.h">
      <Filter>Data</Filter>
    </QtMoc>
    <QtMoc Include="Data\ADataManager.h">
      <Filter>Data</Filter>
    </QtMoc>
    <QtMoc Include="Data\AAbstractEditorFactory.h">
      <Filter>Data</Filter>
    </QtMoc>
    <QtMoc Include="Data\AEditorFactory.h">
      <Filter>Data</Filter>
    </QtMoc>
  </ItemGroup>
  <ItemGroup>
    <QtRcc Include="Resource\Resource.qrc">
      <Filter>Resource Files</Filter>
    </QtRcc>
  </ItemGroup>
  <ItemGroup>
    <None Include="Data\header.inc">
      <Filter>Data</Filter>
    </None>
    <None Include="WinUI\include.inc">
      <Filter>WinUI</Filter>
    </None>
  </ItemGroup>
</Project>