<?xml version="1.0" encoding="utf-8"?>
<Project ToolsVersion="4.0" xmlns="http://schemas.microsoft.com/developer/msbuild/2003">
  <ItemGroup>
    <Filter Include="Resource Files">
      <UniqueIdentifier>{D9D6E242-F8AF-46E4-B9FD-80ECBC20BA3E}</UniqueIdentifier>
      <Extensions>qrc;*</Extensions>
      <ParseFiles>false</ParseFiles>
    </Filter>
    <Filter Include="Application">
      <UniqueIdentifier>{35bae624-3ca4-4981-aacc-b588d88758c0}</UniqueIdentifier>
    </Filter>
    <Filter Include="Application\KeyExpr">
      <UniqueIdentifier>{e0701715-092e-41be-9664-769c3f6742c8}</UniqueIdentifier>
    </Filter>
    <Filter Include="Application\Document">
      <UniqueIdentifier>{dec94a31-99fc-48fc-91e0-5a79f19fb716}</UniqueIdentifier>
    </Filter>
    <Filter Include="Application\DB">
      <UniqueIdentifier>{cc99b60e-e241-4983-b189-e282ea6b8675}</UniqueIdentifier>
    </Filter>
    <Filter Include="Common">
      <UniqueIdentifier>{67f51d62-a602-4967-87d2-01be855accf6}</UniqueIdentifier>
    </Filter>
    <Filter Include="Widget">
      <UniqueIdentifier>{d968aba4-bbcb-45c2-b02e-9ed80d601bfd}</UniqueIdentifier>
    </Filter>
    <Filter Include="Widget\Style">
      <UniqueIdentifier>{8bff72af-32aa-400a-8b34-e6f6a228b451}</UniqueIdentifier>
    </Filter>
    <Filter Include="Application\Action">
      <UniqueIdentifier>{29c1ff07-2c30-49c1-b451-e3ac91d868de}</UniqueIdentifier>
    </Filter>
    <Filter Include="Common\Service">
      <UniqueIdentifier>{11c55700-bc8b-453e-8ac4-40edbcb54ecf}</UniqueIdentifier>
    </Filter>
    <Filter Include="Data">
      <UniqueIdentifier>{8f4bbc37-408b-4be9-b081-7acb2e0ee592}</UniqueIdentifier>
    </Filter>
    <Filter Include="WinUI">
      <UniqueIdentifier>{909e475f-e32b-4d9e-ae63-bf655731cfae}</UniqueIdentifier>
    </Filter>
    <Filter Include="WinUI\Controls">
      <UniqueIdentifier>{77c7bae3-9cd6-4388-b00a-427e92d5b3b2}</UniqueIdentifier>
    </Filter>
    <Filter Include="Defines">
      <UniqueIdentifier>{a369c330-de66-4c06-b9b4-312fac600fc2}</UniqueIdentifier>
    </Filter>
    <Filter Include="Common\Toolkit">
      <UniqueIdentifier>{6ee7f403-d3d7-4e0f-9639-a59d50bdd7f2}</UniqueIdentifier>
    </Filter>
    <Filter Include="Common\Interface">
      <UniqueIdentifier>{639b51c3-2e9e-4c54-b064-0d96e235d57d}</UniqueIdentifier>
    </Filter>
    <Filter Include="Common\Validator">
      <UniqueIdentifier>{ac4c3272-4c82-4fb4-8a23-c088d04b9122}</UniqueIdentifier>
    </Filter>
    <Filter Include="Common\Utils">
      <UniqueIdentifier>{5dbda83b-f6bb-4376-adc1-666bb55f4dc1}</UniqueIdentifier>
    </Filter>
    <Filter Include="WinUI\Style">
      <UniqueIdentifier>{ad98d920-c39b-47b3-9969-f6ca8407e2d2}</UniqueIdentifier>
    </Filter>
    <Filter Include="WinUI\QML">
      <UniqueIdentifier>{2e5d7cd7-db07-4e5c-953f-17d0e6f66f1c}</UniqueIdentifier>
    </Filter>
    <Filter Include="Application\HotKey">
      <UniqueIdentifier>{4ca25406-ec94-43a1-9920-f91793ca67c2}</UniqueIdentifier>
    </Filter>
    <Filter Include="Widget\Private">
      <UniqueIdentifier>{791604b4-00e7-4f39-8f3b-179c6f7dc3cc}</UniqueIdentifier>
    </Filter>
    <Filter Include="Widget\NavigationView">
      <UniqueIdentifier>{aaeda16c-7b0c-4161-bf8b-8fe21ea2cac2}</UniqueIdentifier>
    </Filter>
    <Filter Include="Widget\TextEditor">
      <UniqueIdentifier>{35ba9d54-049b-4193-9d2e-f4e128d03917}</UniqueIdentifier>
    </Filter>
    <Filter Include="Common\Private">
      <UniqueIdentifier>{449c240b-b6ef-43d2-84d2-5b058bb8654f}</UniqueIdentifier>
    </Filter>
    <Filter Include="Widget\Animation">
      <UniqueIdentifier>{0b97c938-e6af-4a99-b7fe-2e0f3f359aea}</UniqueIdentifier>
    </Filter>
  </ItemGroup>
  <ItemGroup>
    <ClInclude Include="IMainWindow.h">
      <Filter>Application</Filter>
    </ClInclude>
    <ClInclude Include="ACursorManager.h">
      <Filter>Application</Filter>
    </ClInclude>
    <ClInclude Include="AKeyExpressionManager.h">
      <Filter>Application\KeyExpr</Filter>
    </ClInclude>
    <ClInclude Include="AKeyExpressionService.h">
      <Filter>Application\KeyExpr</Filter>
    </ClInclude>
    <ClInclude Include="AAndKeyExpression.h">
      <Filter>Application\KeyExpr</Filter>
    </ClInclude>
    <ClInclude Include="AOrKeyExpression.h">
      <Filter>Application\KeyExpr</Filter>
    </ClInclude>
    <ClInclude Include="AAbstractKeyExpression.h">
      <Filter>Application\KeyExpr</Filter>
    </ClInclude>
    <ClInclude Include="ACommandManager.h">
      <Filter>Application</Filter>
    </ClInclude>
    <ClInclude Include="ACommand.h">
      <Filter>Application</Filter>
    </ClInclude>
    <ClInclude Include="AAppConfigService.h">
      <Filter>Application</Filter>
    </ClInclude>
    <ClInclude Include="ASqlDataBase.h">
      <Filter>Application\DB</Filter>
    </ClInclude>
    <ClInclude Include="APrivateAppConfigService.h">
      <Filter>Application</Filter>
    </ClInclude>
    <ClInclude Include="AprochGlobal.h">
      <Filter>Defines</Filter>
    </ClInclude>
    <ClInclude Include="AprochAPI.h">
      <Filter>Defines</Filter>
    </ClInclude>
    <ClInclude Include="Widget\Style\AStyleDefines.h">
      <Filter>Widget\Style</Filter>
    </ClInclude>
    <ClInclude Include="APluginManager.h">
      <Filter>Application</Filter>
    </ClInclude>
    <ClInclude Include="Common\IAppConfigService.h">
      <Filter>Common\Service</Filter>
    </ClInclude>
    <ClInclude Include="Common\IDataBaseService.h">
      <Filter>Common\Service</Filter>
    </ClInclude>
    <ClInclude Include="Common\IDocumentService.h">
      <Filter>Common\Service</Filter>
    </ClInclude>
    <ClInclude Include="Common\IKeyExpressionService.h">
      <Filter>Common\Service</Filter>
    </ClInclude>
    <ClInclude Include="Common\IService.h">
      <Filter>Common\Service</Filter>
    </ClInclude>
    <ClInclude Include="AprochExportDefine.h">
      <Filter>Defines</Filter>
    </ClInclude>
    <ClInclude Include="stdafx.h">
      <Filter>Defines</Filter>
    </ClInclude>
    <ClInclude Include="Common\AStringToolkit.h">
      <Filter>Common\Toolkit</Filter>
    </ClInclude>
    <ClInclude Include="Common\AMathToolkit.h">
      <Filter>Common\Toolkit</Filter>
    </ClInclude>
    <ClInclude Include="Common\AFileToolkit.h">
      <Filter>Common\Toolkit</Filter>
    </ClInclude>
    <ClInclude Include="Common\ADataConverter.h">
      <Filter>Common\Toolkit</Filter>
    </ClInclude>
    <ClInclude Include="Common\IStringSerializable.h">
      <Filter>Common\Interface</Filter>
    </ClInclude>
    <ClInclude Include="Common\IDataConverter.h">
      <Filter>Common\Interface</Filter>
    </ClInclude>
    <ClInclude Include="Common\IDataReader.h">
      <Filter>Common\Interface</Filter>
    </ClInclude>
    <ClInclude Include="Common\IDataSerializable.h">
      <Filter>Common\Interface</Filter>
    </ClInclude>
    <ClInclude Include="Common\IDataWriter.h">
      <Filter>Common\Interface</Filter>
    </ClInclude>
    <ClInclude Include="Common\IFileSaveLoader.h">
      <Filter>Common\Interface</Filter>
    </ClInclude>
    <ClInclude Include="Common\IJsonSerializable.h">
      <Filter>Common\Interface</Filter>
    </ClInclude>
    <ClInclude Include="Common\IMainWindow.h">
      <Filter>Common\Interface</Filter>
    </ClInclude>
    <ClInclude Include="Common\IPlugin.h">
      <Filter>Common\Interface</Filter>
    </ClInclude>
    <ClInclude Include="Common\ANumberValidator.h">
      <Filter>Common\Validator</Filter>
    </ClInclude>
    <ClInclude Include="Common\ASingleton.h">
      <Filter>Common\Utils</Filter>
    </ClInclude>
    <ClInclude Include="Common\APrototype.h">
      <Filter>Common\Utils</Filter>
    </ClInclude>
    <ClInclude Include="Common\AIdentity.h">
      <Filter>Common\Utils</Filter>
    </ClInclude>
    <ClInclude Include="Common\AException.h">
      <Filter>Common\Utils</Filter>
    </ClInclude>
    <ClInclude Include="Common\ACategory.h">
      <Filter>Common\Utils</Filter>
    </ClInclude>
    <ClInclude Include="Common\AGraphicsToolkit.h">
      <Filter>Common\Toolkit</Filter>
    </ClInclude>
    <ClInclude Include="Widget\Style\AUIStyleObject.h">
      <Filter>Widget\Style</Filter>
    </ClInclude>
    <ClInclude Include="Common\ITextTranslatable.h">
      <Filter>Common\Interface</Filter>
    </ClInclude>
    <ClInclude Include="Common\AReflection.h">
      <Filter>Common\Utils</Filter>
    </ClInclude>
    <ClInclude Include="Common\IContextObject.h">
      <Filter>Common\Interface</Filter>
    </ClInclude>
    <ClInclude Include="Common\AContextContainter.h">
      <Filter>Common\Utils</Filter>
    </ClInclude>
    <ClInclude Include="Data\AData.h">
      <Filter>Data</Filter>
    </ClInclude>
    <ClInclude Include="Common\ACursorDatabase.h">
      <Filter>Common\Utils</Filter>
    </ClInclude>
    <ClInclude Include="Common\ATimeToolkit.h">
      <Filter>Common\Toolkit</Filter>
    </ClInclude>
    <ClInclude Include="Widget\AWidgetFactory.h">
      <Filter>Widget</Filter>
    </ClInclude>
    <ClInclude Include="Common\AUnorderedPair.h">
      <Filter>Common\Utils</Filter>
    </ClInclude>
    <ClInclude Include="Widget\Style\AWinUIStyleHelper.h">
      <Filter>Widget\Style</Filter>
    </ClInclude>
    <ClInclude Include="Widget\Style\AWindowsColor.h">
      <Filter>Widget\Style</Filter>
    </ClInclude>
    <ClInclude Include="Common\AXmlAccess.h">
      <Filter>Common\Utils</Filter>
    </ClInclude>
    <ClInclude Include="WinUI\AWinUITheme.h">
      <Filter>WinUI</Filter>
    </ClInclude>
    <ClInclude Include="Widget\Private\ACaptionBar_p.h">
      <Filter>Widget\Private</Filter>
    </ClInclude>
    <ClInclude Include="Widget\Style\AWidgetStyleDecoration.h">
      <Filter>Widget\Style</Filter>
    </ClInclude>
    <ClInclude Include="Widget\Private\ANavigationView_p.h">
      <Filter>Widget\Private</Filter>
    </ClInclude>
    <ClInclude Include="Widget\Private\ANavigationPanel_p.h">
      <Filter>Widget\Private</Filter>
    </ClInclude>
    <ClInclude Include="Widget\AFlowLayout.h">
      <Filter>Widget</Filter>
    </ClInclude>
    <ClInclude Include="AFontDatabase.h">
      <Filter>Application</Filter>
    </ClInclude>
    <ClInclude Include="Widget\Private\ATextEditor_p.h">
      <Filter>Widget\Private</Filter>
    </ClInclude>
    <ClInclude Include="Widget\Private\AMenu_p.h">
      <Filter>Widget\Private</Filter>
    </ClInclude>
    <ClInclude Include="Common\Private\AGraphicsHelper_p.h">
      <Filter>Common\Private</Filter>
    </ClInclude>
    <ClInclude Include="Widget\Animation\ADropDownAnimation.h">
      <Filter>Widget\Animation</Filter>
    </ClInclude>
    <ClInclude Include="Widget\Private\AComboBox_p.h">
      <Filter>Widget\Private</Filter>
    </ClInclude>
  </ItemGroup>
  <ItemGroup>
    <ClCompile Include="ACommand.cpp">
      <Filter>Application</Filter>
    </ClCompile>
    <ClCompile Include="ACommandManager.cpp">
      <Filter>Application</Filter>
    </ClCompile>
    <ClCompile Include="ACursorManager.cpp">
      <Filter>Application</Filter>
    </ClCompile>
    <ClCompile Include="AAbstractKeyExpression.cpp">
      <Filter>Application\KeyExpr</Filter>
    </ClCompile>
    <ClCompile Include="AKeyExpressionManager.cpp">
      <Filter>Application\KeyExpr</Filter>
    </ClCompile>
    <ClCompile Include="AAndKeyExpression.cpp">
      <Filter>Application\KeyExpr</Filter>
    </ClCompile>
    <ClCompile Include="AKeyExpressionService.cpp">
      <Filter>Application\KeyExpr</Filter>
    </ClCompile>
    <ClCompile Include="AAppContext.cpp">
      <Filter>Application</Filter>
    </ClCompile>
    <ClCompile Include="AOrKeyExpression.cpp">
      <Filter>Application\KeyExpr</Filter>
    </ClCompile>
    <ClCompile Include="AAppConfigService.cpp">
      <Filter>Application</Filter>
    </ClCompile>
    <ClCompile Include="ADocumentService.cpp">
      <Filter>Application\Document</Filter>
    </ClCompile>
    <ClCompile Include="ADocFile.cpp">
      <Filter>Application\Document</Filter>
    </ClCompile>
    <ClCompile Include="ASqlDataBase.cpp">
      <Filter>Application\DB</Filter>
    </ClCompile>
    <ClCompile Include="APrivateAppConfigService.cpp">
      <Filter>Application</Filter>
    </ClCompile>
    <ClCompile Include="AprochGlobal.cpp">
      <Filter>Defines</Filter>
    </ClCompile>
    <ClCompile Include="Widget\Style\AStyleDefines.cpp">
      <Filter>Widget\Style</Filter>
    </ClCompile>
    <ClCompile Include="Widget\Style\ATheme.cpp">
      <Filter>Widget\Style</Filter>
    </ClCompile>
    <ClCompile Include="AAction.cpp">
      <Filter>Application\Action</Filter>
    </ClCompile>
    <ClCompile Include="AActionManager.cpp">
      <Filter>Application\Action</Filter>
    </ClCompile>
    <ClCompile Include="APluginManager.cpp">
      <Filter>Application</Filter>
    </ClCompile>
    <ClCompile Include="stdafx.cpp">
      <Filter>Defines</Filter>
    </ClCompile>
    <ClCompile Include="Common\AStringToolkit.cpp">
      <Filter>Common\Toolkit</Filter>
    </ClCompile>
    <ClCompile Include="Common\AMathToolkit.cpp">
      <Filter>Common\Toolkit</Filter>
    </ClCompile>
    <ClCompile Include="Common\AFileToolkit.cpp">
      <Filter>Common\Toolkit</Filter>
    </ClCompile>
    <ClCompile Include="Common\ADataConverter.cpp">
      <Filter>Common\Toolkit</Filter>
    </ClCompile>
    <ClCompile Include="Common\ADoubleValidator.cpp">
      <Filter>Common\Validator</Filter>
    </ClCompile>
    <ClCompile Include="Common\AIdentity.cpp">
      <Filter>Common\Utils</Filter>
    </ClCompile>
    <ClCompile Include="Common\AException.cpp">
      <Filter>Common\Utils</Filter>
    </ClCompile>
    <ClCompile Include="Common\ACategory.cpp">
      <Filter>Common\Utils</Filter>
    </ClCompile>
    <ClCompile Include="Common\AGraphicsToolkit.cpp">
      <Filter>Common\Toolkit</Filter>
    </ClCompile>
    <ClCompile Include="Widget\Style\AUIStyleObject.cpp">
      <Filter>Widget\Style</Filter>
    </ClCompile>
    <ClCompile Include="Common\AReflection.cpp">
      <Filter>Common\Utils</Filter>
    </ClCompile>
    <ClCompile Include="Common\AContextContainter.cpp">
      <Filter>Common\Utils</Filter>
    </ClCompile>
    <ClCompile Include="Data\AAbstractDataManager.cpp">
      <Filter>Data</Filter>
    </ClCompile>
    <ClCompile Include="Data\AData.cpp">
      <Filter>Data</Filter>
    </ClCompile>
    <ClCompile Include="Common\ACursorDatabase.cpp">
      <Filter>Common\Utils</Filter>
    </ClCompile>
    <ClCompile Include="Common\ATimeToolkit.cpp">
      <Filter>Common\Toolkit</Filter>
    </ClCompile>
    <ClCompile Include="Data\ADataWidgetBindMethod.cpp">
      <Filter>Data</Filter>
    </ClCompile>
    <ClCompile Include="Data\ADWBindMethods.cpp">
      <Filter>Data</Filter>
    </ClCompile>
    <ClCompile Include="Widget\AWidgetFactory.cpp">
      <Filter>Widget</Filter>
    </ClCompile>
    <ClCompile Include="Widget\Style\AWinUIStyleHelper.cpp">
      <Filter>Widget\Style</Filter>
    </ClCompile>
    <ClCompile Include="Widget\Style\AWindowsColor.cpp">
      <Filter>Widget\Style</Filter>
    </ClCompile>
    <ClCompile Include="WinUI\AWinUIPlugin.cpp">
      <Filter>WinUI</Filter>
    </ClCompile>
    <ClCompile Include="WinUI\AWinUITheme.cpp">
      <Filter>WinUI</Filter>
    </ClCompile>
    <ClCompile Include="WinUI\AWinUIApplication.cpp">
      <Filter>WinUI</Filter>
    </ClCompile>
    <ClCompile Include="AHotKey.cpp">
      <Filter>Application\HotKey</Filter>
    </ClCompile>
    <ClCompile Include="Private\AHotKey_win.cpp">
      <Filter>Application\HotKey</Filter>
    </ClCompile>
    <ClCompile Include="Widget\Style\AWidgetStyleDecoration.cpp">
      <Filter>Widget\Style</Filter>
    </ClCompile>
    <ClCompile Include="Widget\NavigationView\ANavigationView.cpp">
      <Filter>Widget\NavigationView</Filter>
    </ClCompile>
    <ClCompile Include="Widget\Private\ANavigationPanel.cpp">
      <Filter>Widget\Private</Filter>
    </ClCompile>
    <ClCompile Include="Widget\NavigationView\ANavigationMenuItem.cpp">
      <Filter>Widget\NavigationView</Filter>
    </ClCompile>
    <ClCompile Include="Widget\NavigationView\ANavigationPageView.cpp">
      <Filter>Widget\NavigationView</Filter>
    </ClCompile>
    <ClCompile Include="Widget\AAbstractColorPicker.cpp">
      <Filter>Widget</Filter>
    </ClCompile>
    <ClCompile Include="Widget\AAvatar.cpp">
      <Filter>Widget</Filter>
    </ClCompile>
    <ClCompile Include="Widget\ACaptionBar.cpp">
      <Filter>Widget</Filter>
    </ClCompile>
    <ClCompile Include="Widget\AColorPickerIndicator.cpp">
      <Filter>Widget</Filter>
    </ClCompile>
    <ClCompile Include="Widget\AColorSliderControl.cpp">
      <Filter>Widget</Filter>
    </ClCompile>
    <ClCompile Include="Widget\AFlowLayout.cpp">
      <Filter>Widget</Filter>
    </ClCompile>
    <ClCompile Include="Widget\ANavigationBar.cpp">
      <Filter>Widget</Filter>
    </ClCompile>
    <ClCompile Include="Widget\APromptWidget.cpp">
      <Filter>Widget</Filter>
    </ClCompile>
    <ClCompile Include="Widget\ASplitterHandle.cpp">
      <Filter>Widget</Filter>
    </ClCompile>
    <ClCompile Include="Widget\AToolBar.cpp">
      <Filter>Widget</Filter>
    </ClCompile>
    <ClCompile Include="Widget\AVerticalLabel.cpp">
      <Filter>Widget</Filter>
    </ClCompile>
    <ClCompile Include="Widget\AWheelColorPicker.cpp">
      <Filter>Widget</Filter>
    </ClCompile>
    <ClCompile Include="Widget\AWheelColorPickerWidget.cpp">
      <Filter>Widget</Filter>
    </ClCompile>
    <ClCompile Include="Widget\AWindow.cpp">
      <Filter>Widget</Filter>
    </ClCompile>
    <ClCompile Include="AFontDatabase.cpp">
      <Filter>Application</Filter>
    </ClCompile>
    <ClCompile Include="Widget\AFontIcon.cpp">
      <Filter>Widget</Filter>
    </ClCompile>
    <ClCompile Include="Widget\AStaticTrackBar.cpp">
      <Filter>Widget</Filter>
    </ClCompile>
    <ClCompile Include="Widget\AIndicatorBar.cpp">
      <Filter>Widget</Filter>
    </ClCompile>
    <ClCompile Include="Widget\TextEditor\ATextEditor.cpp">
      <Filter>Widget\TextEditor</Filter>
    </ClCompile>
    <ClCompile Include="Widget\AButton.cpp">
      <Filter>Widget</Filter>
    </ClCompile>
    <ClCompile Include="Widget\AIconButton.cpp">
      <Filter>Widget</Filter>
    </ClCompile>
    <ClCompile Include="Widget\Style\AWinUIStyle.cpp">
      <Filter>Widget\Style</Filter>
    </ClCompile>
    <ClCompile Include="Common\Private\AGraphicsHelper_p.cpp">
      <Filter>Common\Private</Filter>
    </ClCompile>
    <ClCompile Include="Widget\AMenu.cpp">
      <Filter>Widget</Filter>
    </ClCompile>
    <ClCompile Include="Widget\AComboBox.cpp">
      <Filter>Widget</Filter>
    </ClCompile>
    <ClCompile Include="Widget\TextEditor\AFontSizeComboBox.cpp">
      <Filter>Widget\TextEditor</Filter>
    </ClCompile>
    <ClCompile Include="Widget\AToggleSwitch.cpp">
      <Filter>Widget</Filter>
    </ClCompile>
  </ItemGroup>
  <ItemGroup>
    <QtMoc Include="ADocFile.h">
      <Filter>Application\Document</Filter>
    </QtMoc>
    <QtMoc Include="ADocumentService.h">
      <Filter>Application\Document</Filter>
    </QtMoc>
    <QtMoc Include="AAppContext.h">
      <Filter>Application</Filter>
    </QtMoc>
    <QtMoc Include="AAction.h">
      <Filter>Application\Action</Filter>
    </QtMoc>
    <QtMoc Include="AActionManager.h">
      <Filter>Application\Action</Filter>
    </QtMoc>
    <QtMoc Include="Common\ADoubleValidator.h">
      <Filter>Common\Validator</Filter>
    </QtMoc>
    <QtMoc Include="Data\AAbstractDataManager.h">
      <Filter>Data</Filter>
    </QtMoc>
    <QtMoc Include="Data\ADataManager.h">
      <Filter>Data</Filter>
    </QtMoc>
    <QtMoc Include="Data\ADataManager.cpp">
      <Filter>Data</Filter>
    </QtMoc>
    <QtMoc Include="Data\ADataWidgetBindMethod.h">
      <Filter>Data</Filter>
    </QtMoc>
    <QtMoc Include="Data\ADWBindMethods.h">
      <Filter>Data</Filter>
    </QtMoc>
    <QtMoc Include="WinUI\AWinUIApplication.h">
      <Filter>WinUI</Filter>
    </QtMoc>
    <QtMoc Include="Private\AHotKey_p.h">
      <Filter>Application\HotKey</Filter>
    </QtMoc>
    <QtMoc Include="AHotKey.h">
      <Filter>Application\HotKey</Filter>
    </QtMoc>
    <QtMoc Include="WinUI\AWinUIPlugin.h">
      <Filter>WinUI</Filter>
    </QtMoc>
    <QtMoc Include="Widget\Style\ATheme.h">
      <Filter>Widget\Style</Filter>
    </QtMoc>
    <QtMoc Include="Widget\NavigationView\ANavigationView.h">
      <Filter>Widget\NavigationView</Filter>
    </QtMoc>
    <QtMoc Include="Widget\Private\ANavigationPanel.h">
      <Filter>Widget\Private</Filter>
    </QtMoc>
    <QtMoc Include="Widget\NavigationView\ANavigationMenuItem.h">
      <Filter>Widget\NavigationView</Filter>
    </QtMoc>
    <QtMoc Include="Widget\NavigationView\ANavigationPageView.h">
      <Filter>Widget\NavigationView</Filter>
    </QtMoc>
    <QtMoc Include="Widget\AAbstractColorPicker.h">
      <Filter>Widget</Filter>
    </QtMoc>
    <QtMoc Include="Widget\AAvatar.h">
      <Filter>Widget</Filter>
    </QtMoc>
    <QtMoc Include="Widget\ACaptionBar.h">
      <Filter>Widget</Filter>
    </QtMoc>
    <QtMoc Include="Widget\AColorPickerIndicator.h">
      <Filter>Widget</Filter>
    </QtMoc>
    <QtMoc Include="Widget\AColorSliderControl.h">
      <Filter>Widget</Filter>
    </QtMoc>
    <QtMoc Include="Widget\ANavigationBar.h">
      <Filter>Widget</Filter>
    </QtMoc>
    <QtMoc Include="Widget\APromptWidget.h">
      <Filter>Widget</Filter>
    </QtMoc>
    <QtMoc Include="Widget\ASplitterHandle.h">
      <Filter>Widget</Filter>
    </QtMoc>
    <QtMoc Include="Widget\AToolBar.h">
      <Filter>Widget</Filter>
    </QtMoc>
    <QtMoc Include="Widget\AVerticalLabel.h">
      <Filter>Widget</Filter>
    </QtMoc>
    <QtMoc Include="Widget\AWheelColorPicker.h">
      <Filter>Widget</Filter>
    </QtMoc>
    <QtMoc Include="Widget\AWheelColorPickerWidget.h">
      <Filter>Widget</Filter>
    </QtMoc>
    <QtMoc Include="Widget\AWindow.h">
      <Filter>Widget</Filter>
    </QtMoc>
    <QtMoc Include="Widget\AFontIcon.h">
      <Filter>Widget</Filter>
    </QtMoc>
    <QtMoc Include="Widget\AStaticTrackBar.h">
      <Filter>Widget</Filter>
    </QtMoc>
    <QtMoc Include="Widget\AIndicatorBar.h">
      <Filter>Widget</Filter>
    </QtMoc>
    <QtMoc Include="Widget\TextEditor\ATextEditor.h">
      <Filter>Widget\TextEditor</Filter>
    </QtMoc>
    <QtMoc Include="Widget\AButton.h">
      <Filter>Widget</Filter>
    </QtMoc>
    <QtMoc Include="Widget\AIconButton.h">
      <Filter>Widget</Filter>
    </QtMoc>
    <QtMoc Include="Widget\AMenu.h">
      <Filter>Widget</Filter>
    </QtMoc>
    <QtMoc Include="Widget\Style\AWinUIStyle.h">
      <Filter>Widget\Style</Filter>
    </QtMoc>
    <QtMoc Include="Widget\Animation\ADropDownAnimation.cpp">
      <Filter>Widget\Animation</Filter>
    </QtMoc>
    <QtMoc Include="Widget\AComboBox.h">
      <Filter>Widget</Filter>
    </QtMoc>
    <QtMoc Include="Widget\TextEditor\AFontComboBox.cpp">
      <Filter>Widget\TextEditor</Filter>
    </QtMoc>
    <QtMoc Include="Widget\TextEditor\AFontComboBox.h">
      <Filter>Widget\TextEditor</Filter>
    </QtMoc>
    <QtMoc Include="Widget\TextEditor\AFontSizeComboBox.h">
      <Filter>Widget\TextEditor</Filter>
    </QtMoc>
    <QtMoc Include="Widget\AToggleSwitch.h">
      <Filter>Widget</Filter>
    </QtMoc>
    <QtMoc Include="Widget\Private\AToggleSwitch_p.h">
      <Filter>Widget\Private</Filter>
    </QtMoc>
  </ItemGroup>
  <ItemGroup>
    <QtRcc Include="Resource\Resource.qrc">
      <Filter>Resource Files</Filter>
    </QtRcc>
  </ItemGroup>
  <ItemGroup>
    <None Include="WinUI\include.inc">
      <Filter>WinUI</Filter>
    </None>
    <None Include="Data\header.inc">
      <Filter>Data</Filter>
    </None>
    <None Include="WinUI\QML\AApplication.qml">
      <Filter>WinUI\QML</Filter>
    </None>
    <None Include="Widget\header.inc">
      <Filter>Widget</Filter>
    </None>
  </ItemGroup>
</Project>